
Microsoft Visual Studio Solution File, Format Version 12.00
# Visual Studio Version 16
VisualStudioVersion = 16.0.31321.278
MinimumVisualStudioVersion = 10.0.40219.1
Project("{FAE04EC0-301F-11D3-BF4B-00C04F79EFBC}") = "CSCRAPI", "CSCRAPI.csproj", "{9E74B631-4806-4B42-A642-EB8D6B6A84CA}"
EndProject
Global
	GlobalSection(SolutionConfigurationPlatforms) = preSolution
		Debug|Any CPU = Debug|Any CPU
		Release|Any CPU = Release|Any CPU
	EndGlobalSection
	GlobalSection(ProjectConfigurationPlatforms) = postSolution
		{9E74B631-4806-4B42-A642-EB8D6B6A84CA}.Debug|Any CPU.ActiveCfg = Debug|Any CPU
		{9E74B631-4806-4B42-A642-EB8D6B6A84CA}.Debug|Any CPU.Build.0 = Debug|Any CPU
		{9E74B631-4806-4B42-A642-EB8D6B6A84CA}.Release|Any CPU.ActiveCfg = Release|Any CPU
		{9E74B631-4806-4B42-A642-EB8D6B6A84CA}.Release|Any CPU.Build.0 = Release|Any CPU
	EndGlobalSection
	GlobalSection(SolutionProperties) = preSolution
		HideSolutionNode = FALSE
	EndGlobalSection
	GlobalSection(ExtensibilityGlobals) = postSolution
		SolutionGuid = {39C4DA20-C248-41FD-8E0A-50DC68A8EDE6}
	EndGlobalSection
EndGlobal
